
Microsoft Visual Studio Solution File, Format Version 12.00
# Visual Studio Version 17
VisualStudioVersion = 17.7.34018.315
MinimumVisualStudioVersion = 10.0.40219.1
Project("{FAE04EC0-301F-11D3-BF4B-00C04F79EFBC}") = "Accounting_of_books", "Accounting_of_books\Accounting_of_books.csproj", "{996FB07A-DC6D-4A54-AA17-16F10CB94CC7}"
EndProject
Global
	GlobalSection(SolutionConfigurationPlatforms) = preSolution
		Debug|Any CPU = Debug|Any CPU
		Release|Any CPU = Release|Any CPU
	EndGlobalSection
	GlobalSection(ProjectConfigurationPlatforms) = postSolution
		{996FB07A-DC6D-4A54-AA17-16F10CB94CC7}.Debug|Any CPU.ActiveCfg = Debug|Any CPU
		{996FB07A-DC6D-4A54-AA17-16F10CB94CC7}.Debug|Any CPU.Build.0 = Debug|Any CPU
		{996FB07A-DC6D-4A54-AA17-16F10CB94CC7}.Release|Any CPU.ActiveCfg = Release|Any CPU
		{996FB07A-DC6D-4A54-AA17-16F10CB94CC7}.Release|Any CPU.Build.0 = Release|Any CPU
	EndGlobalSection
	GlobalSection(SolutionProperties) = preSolution
		HideSolutionNode = FALSE
	EndGlobalSection
	GlobalSection(ExtensibilityGlobals) = postSolution
		SolutionGuid = {A7411865-AD57-4CC6-8EB6-2A9D75C079AF}
	EndGlobalSection
EndGlobal
